// !$*UTF8*$!
{
	archiveVersion = 1;
	classes = {
	};
	objectVersion = 56;
	objects = {

/* Begin PBXBuildFile section */
		685271E62AE7A8890035D7F4 /* GitHub_CloneApp.swift in Sources */ = {isa = PBXBuildFile; fileRef = 685271E52AE7A8890035D7F4 /* GitHub_CloneApp.swift */; };
		685271E82AE7A8890035D7F4 /* ContentView.swift in Sources */ = {isa = PBXBuildFile; fileRef = 685271E72AE7A8890035D7F4 /* ContentView.swift */; };
		685271EA2AE7A88A0035D7F4 /* Assets.xcassets in Resources */ = {isa = PBXBuildFile; fileRef = 685271E92AE7A88A0035D7F4 /* Assets.xcassets */; };
		685271ED2AE7A88A0035D7F4 /* Preview Assets.xcassets in Resources */ = {isa = PBXBuildFile; fileRef = 685271EC2AE7A88A0035D7F4 /* Preview Assets.xcassets */; };
		685271F62AE7D44E0035D7F4 /* HomeView.swift in Sources */ = {isa = PBXBuildFile; fileRef = 685271F52AE7D44E0035D7F4 /* HomeView.swift */; };
		685271F92AE831120035D7F4 /* RowView.swift in Sources */ = {isa = PBXBuildFile; fileRef = 685271F82AE831120035D7F4 /* RowView.swift */; };
		685271FC2AE831310035D7F4 /* CustumSectionView.swift in Sources */ = {isa = PBXBuildFile; fileRef = 685271FB2AE831310035D7F4 /* CustumSectionView.swift */; };
		685271FE2AE838FD0035D7F4 /* EmptySectionView.swift in Sources */ = {isa = PBXBuildFile; fileRef = 685271FD2AE838FD0035D7F4 /* EmptySectionView.swift */; };
		685272012AE8C7530035D7F4 /* NotificationsView.swift in Sources */ = {isa = PBXBuildFile; fileRef = 685272002AE8C7530035D7F4 /* NotificationsView.swift */; };
		685272042AE8CC7E0035D7F4 /* RootView.swift in Sources */ = {isa = PBXBuildFile; fileRef = 685272032AE8CC7E0035D7F4 /* RootView.swift */; };
		685272072AE8D2360035D7F4 /* ExploreView.swift in Sources */ = {isa = PBXBuildFile; fileRef = 685272062AE8D2360035D7F4 /* ExploreView.swift */; };
		6852720B2AE8D2780035D7F4 /* NotificationCardView.swift in Sources */ = {isa = PBXBuildFile; fileRef = 6852720A2AE8D2780035D7F4 /* NotificationCardView.swift */; };
		6852720F2AE8D3D20035D7F4 /* RowModel.swift in Sources */ = {isa = PBXBuildFile; fileRef = 6852720E2AE8D3D20035D7F4 /* RowModel.swift */; };
		68CC47642AE8E731000B1D84 /* CircleIconView.swift in Sources */ = {isa = PBXBuildFile; fileRef = 68CC47632AE8E731000B1D84 /* CircleIconView.swift */; };
		68CC47672AE8E75C000B1D84 /* CircleIconModel.swift in Sources */ = {isa = PBXBuildFile; fileRef = 68CC47662AE8E75C000B1D84 /* CircleIconModel.swift */; };
/* End PBXBuildFile section */

/* Begin PBXFileReference section */
		685271E22AE7A8890035D7F4 /* GitHub Clone.app */ = {isa = PBXFileReference; explicitFileType = wrapper.application; includeInIndex = 0; path = "GitHub Clone.app"; sourceTree = BUILT_PRODUCTS_DIR; };
		685271E52AE7A8890035D7F4 /* GitHub_CloneApp.swift */ = {isa = PBXFileReference; lastKnownFileType = sourcecode.swift; path = GitHub_CloneApp.swift; sourceTree = "<group>"; };
		685271E72AE7A8890035D7F4 /* ContentView.swift */ = {isa = PBXFileReference; lastKnownFileType = sourcecode.swift; path = ContentView.swift; sourceTree = "<group>"; };
		685271E92AE7A88A0035D7F4 /* Assets.xcassets */ = {isa = PBXFileReference; lastKnownFileType = folder.assetcatalog; path = Assets.xcassets; sourceTree = "<group>"; };
		685271EC2AE7A88A0035D7F4 /* Preview Assets.xcassets */ = {isa = PBXFileReference; lastKnownFileType = folder.assetcatalog; path = "Preview Assets.xcassets"; sourceTree = "<group>"; };
		685271F52AE7D44E0035D7F4 /* HomeView.swift */ = {isa = PBXFileReference; lastKnownFileType = sourcecode.swift; path = HomeView.swift; sourceTree = "<group>"; };
		685271F82AE831120035D7F4 /* RowView.swift */ = {isa = PBXFileReference; lastKnownFileType = sourcecode.swift; path = RowView.swift; sourceTree = "<group>"; };
		685271FB2AE831310035D7F4 /* CustumSectionView.swift */ = {isa = PBXFileReference; lastKnownFileType = sourcecode.swift; path = CustumSectionView.swift; sourceTree = "<group>"; };
		685271FD2AE838FD0035D7F4 /* EmptySectionView.swift */ = {isa = PBXFileReference; lastKnownFileType = sourcecode.swift; path = EmptySectionView.swift; sourceTree = "<group>"; };
		685272002AE8C7530035D7F4 /* NotificationsView.swift */ = {isa = PBXFileReference; lastKnownFileType = sourcecode.swift; path = NotificationsView.swift; sourceTree = "<group>"; };
		685272032AE8CC7E0035D7F4 /* RootView.swift */ = {isa = PBXFileReference; lastKnownFileType = sourcecode.swift; path = RootView.swift; sourceTree = "<group>"; };
		685272062AE8D2360035D7F4 /* ExploreView.swift */ = {isa = PBXFileReference; lastKnownFileType = sourcecode.swift; path = ExploreView.swift; sourceTree = "<group>"; };
		6852720A2AE8D2780035D7F4 /* NotificationCardView.swift */ = {isa = PBXFileReference; lastKnownFileType = sourcecode.swift; path = NotificationCardView.swift; sourceTree = "<group>"; };
		6852720E2AE8D3D20035D7F4 /* RowModel.swift */ = {isa = PBXFileReference; lastKnownFileType = sourcecode.swift; path = RowModel.swift; sourceTree = "<group>"; };
		68CC47632AE8E731000B1D84 /* CircleIconView.swift */ = {isa = PBXFileReference; lastKnownFileType = sourcecode.swift; path = CircleIconView.swift; sourceTree = "<group>"; };
		68CC47662AE8E75C000B1D84 /* CircleIconModel.swift */ = {isa = PBXFileReference; lastKnownFileType = sourcecode.swift; path = CircleIconModel.swift; sourceTree = "<group>"; };
/* End PBXFileReference section */

/* Begin PBXFrameworksBuildPhase section */
		685271DF2AE7A8890035D7F4 /* Frameworks */ = {
			isa = PBXFrameworksBuildPhase;
			buildActionMask = 2147483647;
			files = (
			);
			runOnlyForDeploymentPostprocessing = 0;
		};
/* End PBXFrameworksBuildPhase section */

/* Begin PBXGroup section */
		685271D92AE7A8890035D7F4 = {
			isa = PBXGroup;
			children = (
				685271E42AE7A8890035D7F4 /* GitHub Clone */,
				685271E32AE7A8890035D7F4 /* Products */,
			);
			sourceTree = "<group>";
		};
		685271E32AE7A8890035D7F4 /* Products */ = {
			isa = PBXGroup;
			children = (
				685271E22AE7A8890035D7F4 /* GitHub Clone.app */,
			);
			name = Products;
			sourceTree = "<group>";
		};
		685271E42AE7A8890035D7F4 /* GitHub Clone */ = {
			isa = PBXGroup;
			children = (
				6852720D2AE8D3B60035D7F4 /* Models */,
				685271F32AE7D40F0035D7F4 /* Views */,
				685271E52AE7A8890035D7F4 /* GitHub_CloneApp.swift */,
				685271E72AE7A8890035D7F4 /* ContentView.swift */,
				685271E92AE7A88A0035D7F4 /* Assets.xcassets */,
				685271EB2AE7A88A0035D7F4 /* Preview Content */,
			);
			path = "GitHub Clone";
			sourceTree = "<group>";
		};
		685271EB2AE7A88A0035D7F4 /* Preview Content */ = {
			isa = PBXGroup;
			children = (
				685271EC2AE7A88A0035D7F4 /* Preview Assets.xcassets */,
			);
			path = "Preview Content";
			sourceTree = "<group>";
		};
		685271F32AE7D40F0035D7F4 /* Views */ = {
			isa = PBXGroup;
			children = (
				6852720C2AE8D33F0035D7F4 /* GlobalComponents */,
				685272052AE8D2190035D7F4 /* ExploreView */,
				685272022AE8CC6D0035D7F4 /* RootView */,
				685271FF2AE8C7330035D7F4 /* NotificationsView */,
				685271F42AE7D4320035D7F4 /* HomeView */,
			);
			path = Views;
			sourceTree = "<group>";
		};
		685271F42AE7D4320035D7F4 /* HomeView */ = {
			isa = PBXGroup;
			children = (
				685271F72AE830EB0035D7F4 /* Components */,
				685271F52AE7D44E0035D7F4 /* HomeView.swift */,
			);
			path = HomeView;
			sourceTree = "<group>";
		};
		685271F72AE830EB0035D7F4 /* Components */ = {
			isa = PBXGroup;
			children = (
				685271FD2AE838FD0035D7F4 /* EmptySectionView.swift */,
				68CC47632AE8E731000B1D84 /* CircleIconView.swift */,
			);
			path = Components;
			sourceTree = "<group>";
		};
		685271FF2AE8C7330035D7F4 /* NotificationsView */ = {
			isa = PBXGroup;
			children = (
				685272082AE8D2420035D7F4 /* Components */,
				685272002AE8C7530035D7F4 /* NotificationsView.swift */,
			);
			path = NotificationsView;
			sourceTree = "<group>";
		};
		685272022AE8CC6D0035D7F4 /* RootView */ = {
			isa = PBXGroup;
			children = (
				685272032AE8CC7E0035D7F4 /* RootView.swift */,
			);
			path = RootView;
			sourceTree = "<group>";
		};
		685272052AE8D2190035D7F4 /* ExploreView */ = {
			isa = PBXGroup;
			children = (
				685272062AE8D2360035D7F4 /* ExploreView.swift */,
			);
			path = ExploreView;
			sourceTree = "<group>";
		};
		685272082AE8D2420035D7F4 /* Components */ = {
			isa = PBXGroup;
			children = (
				6852720A2AE8D2780035D7F4 /* NotificationCardView.swift */,
			);
			path = Components;
			sourceTree = "<group>";
		};
		6852720C2AE8D33F0035D7F4 /* GlobalComponents */ = {
			isa = PBXGroup;
			children = (
				685271FB2AE831310035D7F4 /* CustumSectionView.swift */,
				685271F82AE831120035D7F4 /* RowView.swift */,
			);
			path = GlobalComponents;
			sourceTree = "<group>";
		};
		6852720D2AE8D3B60035D7F4 /* Models */ = {
			isa = PBXGroup;
			children = (
				6852720E2AE8D3D20035D7F4 /* RowModel.swift */,
				68CC47662AE8E75C000B1D84 /* CircleIconModel.swift */,
			);
			path = Models;
			sourceTree = "<group>";
		};
/* End PBXGroup section */

/* Begin PBXNativeTarget section */
		685271E12AE7A8890035D7F4 /* GitHub Clone */ = {
			isa = PBXNativeTarget;
			buildConfigurationList = 685271F02AE7A88A0035D7F4 /* Build configuration list for PBXNativeTarget "GitHub Clone" */;
			buildPhases = (
				685271DE2AE7A8890035D7F4 /* Sources */,
				685271DF2AE7A8890035D7F4 /* Frameworks */,
				685271E02AE7A8890035D7F4 /* Resources */,
			);
			buildRules = (
			);
			dependencies = (
			);
			name = "GitHub Clone";
			productName = "GitHub Clone";
			productReference = 685271E22AE7A8890035D7F4 /* GitHub Clone.app */;
			productType = "com.apple.product-type.application";
		};
/* End PBXNativeTarget section */

/* Begin PBXProject section */
		685271DA2AE7A8890035D7F4 /* Project object */ = {
			isa = PBXProject;
			attributes = {
				BuildIndependentTargetsInParallel = 1;
				LastSwiftUpdateCheck = 1500;
				LastUpgradeCheck = 1500;
				TargetAttributes = {
					685271E12AE7A8890035D7F4 = {
						CreatedOnToolsVersion = 15.0.1;
					};
				};
			};
			buildConfigurationList = 685271DD2AE7A8890035D7F4 /* Build configuration list for PBXProject "GitHub Clone" */;
			compatibilityVersion = "Xcode 14.0";
			developmentRegion = en;
			hasScannedForEncodings = 0;
			knownRegions = (
				en,
				Base,
			);
			mainGroup = 685271D92AE7A8890035D7F4;
			productRefGroup = 685271E32AE7A8890035D7F4 /* Products */;
			projectDirPath = "";
			projectRoot = "";
			targets = (
				685271E12AE7A8890035D7F4 /* GitHub Clone */,
			);
		};
/* End PBXProject section */

/* Begin PBXResourcesBuildPhase section */
		685271E02AE7A8890035D7F4 /* Resources */ = {
			isa = PBXResourcesBuildPhase;
			buildActionMask = 2147483647;
			files = (
				685271ED2AE7A88A0035D7F4 /* Preview Assets.xcassets in Resources */,
				685271EA2AE7A88A0035D7F4 /* Assets.xcassets in Resources */,
			);
			runOnlyForDeploymentPostprocessing = 0;
		};
/* End PBXResourcesBuildPhase section */

/* Begin PBXSourcesBuildPhase section */
		685271DE2AE7A8890035D7F4 /* Sources */ = {
			isa = PBXSourcesBuildPhase;
			buildActionMask = 2147483647;
			files = (
				685272042AE8CC7E0035D7F4 /* RootView.swift in Sources */,
				685272072AE8D2360035D7F4 /* ExploreView.swift in Sources */,
				685271F62AE7D44E0035D7F4 /* HomeView.swift in Sources */,
				685271E82AE7A8890035D7F4 /* ContentView.swift in Sources */,
				685271FE2AE838FD0035D7F4 /* EmptySectionView.swift in Sources */,
				68CC47642AE8E731000B1D84 /* CircleIconView.swift in Sources */,
				6852720B2AE8D2780035D7F4 /* NotificationCardView.swift in Sources */,
				685271E62AE7A8890035D7F4 /* GitHub_CloneApp.swift in Sources */,
				685271F92AE831120035D7F4 /* RowView.swift in Sources */,
				685271FC2AE831310035D7F4 /* CustumSectionView.swift in Sources */,
				68CC47672AE8E75C000B1D84 /* CircleIconModel.swift in Sources */,
				685272012AE8C7530035D7F4 /* NotificationsView.swift in Sources */,
				6852720F2AE8D3D20035D7F4 /* RowModel.swift in Sources */,
			);
			runOnlyForDeploymentPostprocessing = 0;
		};
/* End PBXSourcesBuildPhase section */

/* Begin XCBuildConfiguration section */
		685271EE2AE7A88A0035D7F4 /* Debug */ = {
			isa = XCBuildConfiguration;
			buildSettings = {
				ALWAYS_SEARCH_USER_PATHS = NO;
				ASSETCATALOG_COMPILER_GENERATE_SWIFT_ASSET_SYMBOL_EXTENSIONS = YES;
				CLANG_ANALYZER_NONNULL = YES;
				CLANG_ANALYZER_NUMBER_OBJECT_CONVERSION = YES_AGGRESSIVE;
				CLANG_CXX_LANGUAGE_STANDARD = "gnu++20";
				CLANG_ENABLE_MODULES = YES;
				CLANG_ENABLE_OBJC_ARC = YES;
				CLANG_ENABLE_OBJC_WEAK = YES;
				CLANG_WARN_BLOCK_CAPTURE_AUTORELEASING = YES;
				CLANG_WARN_BOOL_CONVERSION = YES;
				CLANG_WARN_COMMA = YES;
				CLANG_WARN_CONSTANT_CONVERSION = YES;
				CLANG_WARN_DEPRECATED_OBJC_IMPLEMENTATIONS = YES;
				CLANG_WARN_DIRECT_OBJC_ISA_USAGE = YES_ERROR;
				CLANG_WARN_DOCUMENTATION_COMMENTS = YES;
				CLANG_WARN_EMPTY_BODY = YES;
				CLANG_WARN_ENUM_CONVERSION = YES;
				CLANG_WARN_INFINITE_RECURSION = YES;
				CLANG_WARN_INT_CONVERSION = YES;
				CLANG_WARN_NON_LITERAL_NULL_CONVERSION = YES;
				CLANG_WARN_OBJC_IMPLICIT_RETAIN_SELF = YES;
				CLANG_WARN_OBJC_LITERAL_CONVERSION = YES;
				CLANG_WARN_OBJC_ROOT_CLASS = YES_ERROR;
				CLANG_WARN_QUOTED_INCLUDE_IN_FRAMEWORK_HEADER = YES;
				CLANG_WARN_RANGE_LOOP_ANALYSIS = YES;
				CLANG_WARN_STRICT_PROTOTYPES = YES;
				CLANG_WARN_SUSPICIOUS_MOVE = YES;
				CLANG_WARN_UNGUARDED_AVAILABILITY = YES_AGGRESSIVE;
				CLANG_WARN_UNREACHABLE_CODE = YES;
				CLANG_WARN__DUPLICATE_METHOD_MATCH = YES;
				COPY_PHASE_STRIP = NO;
				DEBUG_INFORMATION_FORMAT = dwarf;
				ENABLE_STRICT_OBJC_MSGSEND = YES;
				ENABLE_TESTABILITY = YES;
				ENABLE_USER_SCRIPT_SANDBOXING = YES;
				GCC_C_LANGUAGE_STANDARD = gnu17;
				GCC_DYNAMIC_NO_PIC = NO;
				GCC_NO_COMMON_BLOCKS = YES;
				GCC_OPTIMIZATION_LEVEL = 0;
				GCC_PREPROCESSOR_DEFINITIONS = (
					"DEBUG=1",
					"$(inherited)",
				);
				GCC_WARN_64_TO_32_BIT_CONVERSION = YES;
				GCC_WARN_ABOUT_RETURN_TYPE = YES_ERROR;
				GCC_WARN_UNDECLARED_SELECTOR = YES;
				GCC_WARN_UNINITIALIZED_AUTOS = YES_AGGRESSIVE;
				GCC_WARN_UNUSED_FUNCTION = YES;
				GCC_WARN_UNUSED_VARIABLE = YES;
				IPHONEOS_DEPLOYMENT_TARGET = 17.0;
				LOCALIZATION_PREFERS_STRING_CATALOGS = YES;
				MTL_ENABLE_DEBUG_INFO = INCLUDE_SOURCE;
				MTL_FAST_MATH = YES;
				ONLY_ACTIVE_ARCH = YES;
				SDKROOT = iphoneos;
				SWIFT_ACTIVE_COMPILATION_CONDITIONS = "DEBUG $(inherited)";
				SWIFT_OPTIMIZATION_LEVEL = "-Onone";
			};
			name = Debug;
		};
		685271EF2AE7A88A0035D7F4 /* Release */ = {
			isa = XCBuildConfiguration;
			buildSettings = {
				ALWAYS_SEARCH_USER_PATHS = NO;
				ASSETCATALOG_COMPILER_GENERATE_SWIFT_ASSET_SYMBOL_EXTENSIONS = YES;
				CLANG_ANALYZER_NONNULL = YES;
				CLANG_ANALYZER_NUMBER_OBJECT_CONVERSION = YES_AGGRESSIVE;
				CLANG_CXX_LANGUAGE_STANDARD = "gnu++20";
				CLANG_ENABLE_MODULES = YES;
				CLANG_ENABLE_OBJC_ARC = YES;
				CLANG_ENABLE_OBJC_WEAK = YES;
				CLANG_WARN_BLOCK_CAPTURE_AUTORELEASING = YES;
				CLANG_WARN_BOOL_CONVERSION = YES;
				CLANG_WARN_COMMA = YES;
				CLANG_WARN_CONSTANT_CONVERSION = YES;
				CLANG_WARN_DEPRECATED_OBJC_IMPLEMENTATIONS = YES;
				CLANG_WARN_DIRECT_OBJC_ISA_USAGE = YES_ERROR;
				CLANG_WARN_DOCUMENTATION_COMMENTS = YES;
				CLANG_WARN_EMPTY_BODY = YES;
				CLANG_WARN_ENUM_CONVERSION = YES;
				CLANG_WARN_INFINITE_RECURSION = YES;
				CLANG_WARN_INT_CONVERSION = YES;
				CLANG_WARN_NON_LITERAL_NULL_CONVERSION = YES;
				CLANG_WARN_OBJC_IMPLICIT_RETAIN_SELF = YES;
				CLANG_WARN_OBJC_LITERAL_CONVERSION = YES;
				CLANG_WARN_OBJC_ROOT_CLASS = YES_ERROR;
				CLANG_WARN_QUOTED_INCLUDE_IN_FRAMEWORK_HEADER = YES;
				CLANG_WARN_RANGE_LOOP_ANALYSIS = YES;
				CLANG_WARN_STRICT_PROTOTYPES = YES;
				CLANG_WARN_SUSPICIOUS_MOVE = YES;
				CLANG_WARN_UNGUARDED_AVAILABILITY = YES_AGGRESSIVE;
				CLANG_WARN_UNREACHABLE_CODE = YES;
				CLANG_WARN__DUPLICATE_METHOD_MATCH = YES;
				COPY_PHASE_STRIP = NO;
				DEBUG_INFORMATION_FORMAT = "dwarf-with-dsym";
				ENABLE_NS_ASSERTIONS = NO;
				ENABLE_STRICT_OBJC_MSGSEND = YES;
				ENABLE_USER_SCRIPT_SANDBOXING = YES;
				GCC_C_LANGUAGE_STANDARD = gnu17;
				GCC_NO_COMMON_BLOCKS = YES;
				GCC_WARN_64_TO_32_BIT_CONVERSION = YES;
				GCC_WARN_ABOUT_RETURN_TYPE = YES_ERROR;
				GCC_WARN_UNDECLARED_SELECTOR = YES;
				GCC_WARN_UNINITIALIZED_AUTOS = YES_AGGRESSIVE;
				GCC_WARN_UNUSED_FUNCTION = YES;
				GCC_WARN_UNUSED_VARIABLE = YES;
				IPHONEOS_DEPLOYMENT_TARGET = 17.0;
				LOCALIZATION_PREFERS_STRING_CATALOGS = YES;
				MTL_ENABLE_DEBUG_INFO = NO;
				MTL_FAST_MATH = YES;
				SDKROOT = iphoneos;
				SWIFT_COMPILATION_MODE = wholemodule;
				VALIDATE_PRODUCT = YES;
			};
			name = Release;
		};
		685271F12AE7A88A0035D7F4 /* Debug */ = {
			isa = XCBuildConfiguration;
			buildSettings = {
				ASSETCATALOG_COMPILER_APPICON_NAME = AppIcon;
				ASSETCATALOG_COMPILER_GLOBAL_ACCENT_COLOR_NAME = AccentColor;
				CODE_SIGN_STYLE = Automatic;
				CURRENT_PROJECT_VERSION = 1;
				DEVELOPMENT_ASSET_PATHS = "\"GitHub Clone/Preview Content\"";
				DEVELOPMENT_TEAM = HTV9CGSATH;
				ENABLE_PREVIEWS = YES;
				GENERATE_INFOPLIST_FILE = YES;
				INFOPLIST_KEY_UIApplicationSceneManifest_Generation = YES;
				INFOPLIST_KEY_UIApplicationSupportsIndirectInputEvents = YES;
				INFOPLIST_KEY_UILaunchScreen_Generation = YES;
				INFOPLIST_KEY_UISupportedInterfaceOrientations_iPad = "UIInterfaceOrientationPortrait UIInterfaceOrientationPortraitUpsideDown UIInterfaceOrientationLandscapeLeft UIInterfaceOrientationLandscapeRight";
				INFOPLIST_KEY_UISupportedInterfaceOrientations_iPhone = "UIInterfaceOrientationPortrait UIInterfaceOrientationLandscapeLeft UIInterfaceOrientationLandscapeRight";
				IPHONEOS_DEPLOYMENT_TARGET = 16.0;
				LD_RUNPATH_SEARCH_PATHS = (
					"$(inherited)",
					"@executable_path/Frameworks",
				);
				MARKETING_VERSION = 1.0;
				PRODUCT_BUNDLE_IDENTIFIER = "live.rakan.GitHub-Clone";
				PRODUCT_NAME = "$(TARGET_NAME)";
				SWIFT_EMIT_LOC_STRINGS = YES;
				SWIFT_VERSION = 5.0;
				TARGETED_DEVICE_FAMILY = "1,2";
			};
			name = Debug;
		};
		685271F22AE7A88A0035D7F4 /* Release */ = {
			isa = XCBuildConfiguration;
			buildSettings = {
				ASSETCATALOG_COMPILER_APPICON_NAME = AppIcon;
				ASSETCATALOG_COMPILER_GLOBAL_ACCENT_COLOR_NAME = AccentColor;
				CODE_SIGN_STYLE = Automatic;
				CURRENT_PROJECT_VERSION = 1;
				DEVELOPMENT_ASSET_PATHS = "\"GitHub Clone/Preview Content\"";
				DEVELOPMENT_TEAM = HTV9CGSATH;
				ENABLE_PREVIEWS = YES;
				GENERATE_INFOPLIST_FILE = YES;
				INFOPLIST_KEY_UIApplicationSceneManifest_Generation = YES;
				INFOPLIST_KEY_UIApplicationSupportsIndirectInputEvents = YES;
				INFOPLIST_KEY_UILaunchScreen_Generation = YES;
				INFOPLIST_KEY_UISupportedInterfaceOrientations_iPad = "UIInterfaceOrientationPortrait UIInterfaceOrientationPortraitUpsideDown UIInterfaceOrientationLandscapeLeft UIInterfaceOrientationLandscapeRight";
				INFOPLIST_KEY_UISupportedInterfaceOrientations_iPhone = "UIInterfaceOrientationPortrait UIInterfaceOrientationLandscapeLeft UIInterfaceOrientationLandscapeRight";
				IPHONEOS_DEPLOYMENT_TARGET = 16.0;
				LD_RUNPATH_SEARCH_PATHS = (
					"$(inherited)",
					"@executable_path/Frameworks",
				);
				MARKETING_VERSION = 1.0;
				PRODUCT_BUNDLE_IDENTIFIER = "live.rakan.GitHub-Clone";
				PRODUCT_NAME = "$(TARGET_NAME)";
				SWIFT_EMIT_LOC_STRINGS = YES;
				SWIFT_VERSION = 5.0;
				TARGETED_DEVICE_FAMILY = "1,2";
			};
			name = Release;
		};
/* End XCBuildConfiguration section */

/* Begin XCConfigurationList section */
		685271DD2AE7A8890035D7F4 /* Build configuration list for PBXProject "GitHub Clone" */ = {
			isa = XCConfigurationList;
			buildConfigurations = (
				685271EE2AE7A88A0035D7F4 /* Debug */,
				685271EF2AE7A88A0035D7F4 /* Release */,
			);
			defaultConfigurationIsVisible = 0;
			defaultConfigurationName = Release;
		};
		685271F02AE7A88A0035D7F4 /* Build configuration list for PBXNativeTarget "GitHub Clone" */ = {
			isa = XCConfigurationList;
			buildConfigurations = (
				685271F12AE7A88A0035D7F4 /* Debug */,
				685271F22AE7A88A0035D7F4 /* Release */,
			);
			defaultConfigurationIsVisible = 0;
			defaultConfigurationName = Release;
		};
/* End XCConfigurationList section */
	};
	rootObject = 685271DA2AE7A8890035D7F4 /* Project object */;
}
